
Microsoft Visual Studio Solution File, Format Version 12.00
# Visual Studio Version 17
VisualStudioVersion = 17.14.36511.14
MinimumVisualStudioVersion = 10.0.40219.1
Project("{2150E333-8FDC-42A3-9474-1A3956D46DE8}") = "Adapters", "Adapters", "{02EA681E-C7D8-13C7-8484-4AC65E1B71E8}"
EndProject
Project("{2150E333-8FDC-42A3-9474-1A3956D46DE8}") = "AdaptersIn", "AdaptersIn", "{DACA2C9C-E53F-4EB5-A03B-CAD8336D776F}"
EndProject
Project("{2150E333-8FDC-42A3-9474-1A3956D46DE8}") = "Core", "Core", "{BFE09F95-5256-4ABA-981D-A7C51E8A6ECB}"
EndProject
Project("{FAE04EC0-301F-11D3-BF4B-00C04F79EFBC}") = "Application", "..\Application\Application.csproj", "{84AED809-A98B-42D3-A5B8-9EC79BB4A5FD}"
EndProject
Project("{FAE04EC0-301F-11D3-BF4B-00C04F79EFBC}") = "Domain", "..\Domain\Domain.csproj", "{F9196882-D7A3-4944-91D7-17626E097923}"
EndProject
Project("{FAE04EC0-301F-11D3-BF4B-00C04F79EFBC}") = "Ports", "..\Ports\Ports.csproj", "{B03168DD-5F7F-40C2-8B5A-C1F5F077C4D1}"
EndProject
Project("{FAE04EC0-301F-11D3-BF4B-00C04F79EFBC}") = "API", "API\API.csproj", "{D0F8BB50-6B05-41D2-A156-C17BF9733BF1}"
EndProject
Project("{FAE04EC0-301F-11D3-BF4B-00C04F79EFBC}") = "AdaptersOut", "AdaptersOut\AdaptersOut.csproj", "{C07E1F73-727D-47D9-BBC4-5937216AE55C}"
EndProject
Project("{2150E333-8FDC-42A3-9474-1A3956D46DE8}") = "ProposalService", "ProposalService", "{06565D16-7777-4215-AB06-CBB64AB6E5B2}"
EndProject
Project("{2150E333-8FDC-42A3-9474-1A3956D46DE8}") = "ContractService", "ContractService", "{38890F75-3B84-4C5F-9C3D-6E2CDF6064CB}"
EndProject
Project("{2150E333-8FDC-42A3-9474-1A3956D46DE8}") = "Adapters", "Adapters", "{69D29236-0DF5-4CBC-A18A-2C55E5F9B9D4}"
EndProject
Project("{2150E333-8FDC-42A3-9474-1A3956D46DE8}") = "AdapterIn", "AdapterIn", "{7949D68D-C57D-4096-87BF-F397985E99C2}"
EndProject
Project("{2150E333-8FDC-42A3-9474-1A3956D46DE8}") = "Core", "Core", "{87AD38F2-1A81-483C-A1D8-1C10344B1640}"
EndProject
Project("{FAE04EC0-301F-11D3-BF4B-00C04F79EFBC}") = "Domain", "Domain\Domain.csproj", "{34B7B02D-C2BF-4B2B-8ED8-4CCB5B443C02}"
EndProject
Project("{FAE04EC0-301F-11D3-BF4B-00C04F79EFBC}") = "Application", "Application\Application.csproj", "{A4E82F9C-5F7B-4C69-A12D-C2E82D83ED96}"
EndProject
Project("{FAE04EC0-301F-11D3-BF4B-00C04F79EFBC}") = "Ports", "Ports\Ports.csproj", "{490CE83C-F957-4FF5-A573-C4AD6EA24321}"
EndProject
Project("{2150E333-8FDC-42A3-9474-1A3956D46DE8}") = "Shared", "Shared", "{8C774EF0-F32F-4380-BE73-BF21A48A1E3D}"
EndProject
Project("{FAE04EC0-301F-11D3-BF4B-00C04F79EFBC}") = "IntegrationEvents", "IntegrationEvents\IntegrationEvents.csproj", "{85A4976B-3847-4870-BF2C-2F52245C740A}"
EndProject
Project("{FAE04EC0-301F-11D3-BF4B-00C04F79EFBC}") = "AdapterOut", "AdapterOut\AdapterOut.csproj", "{53B1532B-DEE7-47A9-8DD0-BDCC3D784972}"
EndProject
Project("{FAE04EC0-301F-11D3-BF4B-00C04F79EFBC}") = "APIContract", "APIContract\APIContract.csproj", "{3B6D39FD-67D8-4A19-84B8-0BE32CAFD82A}"
EndProject
Global
	GlobalSection(SolutionConfigurationPlatforms) = preSolution
		Debug|Any CPU = Debug|Any CPU
		Release|Any CPU = Release|Any CPU
	EndGlobalSection
	GlobalSection(ProjectConfigurationPlatforms) = postSolution
		{84AED809-A98B-42D3-A5B8-9EC79BB4A5FD}.Debug|Any CPU.ActiveCfg = Debug|Any CPU
		{84AED809-A98B-42D3-A5B8-9EC79BB4A5FD}.Debug|Any CPU.Build.0 = Debug|Any CPU
		{84AED809-A98B-42D3-A5B8-9EC79BB4A5FD}.Release|Any CPU.ActiveCfg = Release|Any CPU
		{84AED809-A98B-42D3-A5B8-9EC79BB4A5FD}.Release|Any CPU.Build.0 = Release|Any CPU
		{F9196882-D7A3-4944-91D7-17626E097923}.Debug|Any CPU.ActiveCfg = Debug|Any CPU
		{F9196882-D7A3-4944-91D7-17626E097923}.Debug|Any CPU.Build.0 = Debug|Any CPU
		{F9196882-D7A3-4944-91D7-17626E097923}.Release|Any CPU.ActiveCfg = Release|Any CPU
		{F9196882-D7A3-4944-91D7-17626E097923}.Release|Any CPU.Build.0 = Release|Any CPU
		{B03168DD-5F7F-40C2-8B5A-C1F5F077C4D1}.Debug|Any CPU.ActiveCfg = Debug|Any CPU
		{B03168DD-5F7F-40C2-8B5A-C1F5F077C4D1}.Debug|Any CPU.Build.0 = Debug|Any CPU
		{B03168DD-5F7F-40C2-8B5A-C1F5F077C4D1}.Release|Any CPU.ActiveCfg = Release|Any CPU
		{B03168DD-5F7F-40C2-8B5A-C1F5F077C4D1}.Release|Any CPU.Build.0 = Release|Any CPU
		{D0F8BB50-6B05-41D2-A156-C17BF9733BF1}.Debug|Any CPU.ActiveCfg = Debug|Any CPU
		{D0F8BB50-6B05-41D2-A156-C17BF9733BF1}.Debug|Any CPU.Build.0 = Debug|Any CPU
		{D0F8BB50-6B05-41D2-A156-C17BF9733BF1}.Release|Any CPU.ActiveCfg = Release|Any CPU
		{D0F8BB50-6B05-41D2-A156-C17BF9733BF1}.Release|Any CPU.Build.0 = Release|Any CPU
		{C07E1F73-727D-47D9-BBC4-5937216AE55C}.Debug|Any CPU.ActiveCfg = Debug|Any CPU
		{C07E1F73-727D-47D9-BBC4-5937216AE55C}.Debug|Any CPU.Build.0 = Debug|Any CPU
		{C07E1F73-727D-47D9-BBC4-5937216AE55C}.Release|Any CPU.ActiveCfg = Release|Any CPU
		{C07E1F73-727D-47D9-BBC4-5937216AE55C}.Release|Any CPU.Build.0 = Release|Any CPU
		{34B7B02D-C2BF-4B2B-8ED8-4CCB5B443C02}.Debug|Any CPU.ActiveCfg = Debug|Any CPU
		{34B7B02D-C2BF-4B2B-8ED8-4CCB5B443C02}.Debug|Any CPU.Build.0 = Debug|Any CPU
		{34B7B02D-C2BF-4B2B-8ED8-4CCB5B443C02}.Release|Any CPU.ActiveCfg = Release|Any CPU
		{34B7B02D-C2BF-4B2B-8ED8-4CCB5B443C02}.Release|Any CPU.Build.0 = Release|Any CPU
		{A4E82F9C-5F7B-4C69-A12D-C2E82D83ED96}.Debug|Any CPU.ActiveCfg = Debug|Any CPU
		{A4E82F9C-5F7B-4C69-A12D-C2E82D83ED96}.Debug|Any CPU.Build.0 = Debug|Any CPU
		{A4E82F9C-5F7B-4C69-A12D-C2E82D83ED96}.Release|Any CPU.ActiveCfg = Release|Any CPU
		{A4E82F9C-5F7B-4C69-A12D-C2E82D83ED96}.Release|Any CPU.Build.0 = Release|Any CPU
		{490CE83C-F957-4FF5-A573-C4AD6EA24321}.Debug|Any CPU.ActiveCfg = Debug|Any CPU
		{490CE83C-F957-4FF5-A573-C4AD6EA24321}.Debug|Any CPU.Build.0 = Debug|Any CPU
		{490CE83C-F957-4FF5-A573-C4AD6EA24321}.Release|Any CPU.ActiveCfg = Release|Any CPU
		{490CE83C-F957-4FF5-A573-C4AD6EA24321}.Release|Any CPU.Build.0 = Release|Any CPU
		{85A4976B-3847-4870-BF2C-2F52245C740A}.Debug|Any CPU.ActiveCfg = Debug|Any CPU
		{85A4976B-3847-4870-BF2C-2F52245C740A}.Debug|Any CPU.Build.0 = Debug|Any CPU
		{85A4976B-3847-4870-BF2C-2F52245C740A}.Release|Any CPU.ActiveCfg = Release|Any CPU
		{85A4976B-3847-4870-BF2C-2F52245C740A}.Release|Any CPU.Build.0 = Release|Any CPU
		{53B1532B-DEE7-47A9-8DD0-BDCC3D784972}.Debug|Any CPU.ActiveCfg = Debug|Any CPU
		{53B1532B-DEE7-47A9-8DD0-BDCC3D784972}.Debug|Any CPU.Build.0 = Debug|Any CPU
		{53B1532B-DEE7-47A9-8DD0-BDCC3D784972}.Release|Any CPU.ActiveCfg = Release|Any CPU
		{53B1532B-DEE7-47A9-8DD0-BDCC3D784972}.Release|Any CPU.Build.0 = Release|Any CPU
		{3B6D39FD-67D8-4A19-84B8-0BE32CAFD82A}.Debug|Any CPU.ActiveCfg = Debug|Any CPU
		{3B6D39FD-67D8-4A19-84B8-0BE32CAFD82A}.Debug|Any CPU.Build.0 = Debug|Any CPU
		{3B6D39FD-67D8-4A19-84B8-0BE32CAFD82A}.Release|Any CPU.ActiveCfg = Release|Any CPU
		{3B6D39FD-67D8-4A19-84B8-0BE32CAFD82A}.Release|Any CPU.Build.0 = Release|Any CPU
	EndGlobalSection
	GlobalSection(SolutionProperties) = preSolution
		HideSolutionNode = FALSE
	EndGlobalSection
	GlobalSection(NestedProjects) = preSolution
		{02EA681E-C7D8-13C7-8484-4AC65E1B71E8} = {06565D16-7777-4215-AB06-CBB64AB6E5B2}
		{DACA2C9C-E53F-4EB5-A03B-CAD8336D776F} = {02EA681E-C7D8-13C7-8484-4AC65E1B71E8}
		{BFE09F95-5256-4ABA-981D-A7C51E8A6ECB} = {06565D16-7777-4215-AB06-CBB64AB6E5B2}
		{84AED809-A98B-42D3-A5B8-9EC79BB4A5FD} = {BFE09F95-5256-4ABA-981D-A7C51E8A6ECB}
		{F9196882-D7A3-4944-91D7-17626E097923} = {BFE09F95-5256-4ABA-981D-A7C51E8A6ECB}
		{B03168DD-5F7F-40C2-8B5A-C1F5F077C4D1} = {BFE09F95-5256-4ABA-981D-A7C51E8A6ECB}
		{D0F8BB50-6B05-41D2-A156-C17BF9733BF1} = {DACA2C9C-E53F-4EB5-A03B-CAD8336D776F}
		{C07E1F73-727D-47D9-BBC4-5937216AE55C} = {02EA681E-C7D8-13C7-8484-4AC65E1B71E8}
		{69D29236-0DF5-4CBC-A18A-2C55E5F9B9D4} = {38890F75-3B84-4C5F-9C3D-6E2CDF6064CB}
		{7949D68D-C57D-4096-87BF-F397985E99C2} = {69D29236-0DF5-4CBC-A18A-2C55E5F9B9D4}
		{87AD38F2-1A81-483C-A1D8-1C10344B1640} = {38890F75-3B84-4C5F-9C3D-6E2CDF6064CB}
		{34B7B02D-C2BF-4B2B-8ED8-4CCB5B443C02} = {87AD38F2-1A81-483C-A1D8-1C10344B1640}
		{A4E82F9C-5F7B-4C69-A12D-C2E82D83ED96} = {87AD38F2-1A81-483C-A1D8-1C10344B1640}
		{490CE83C-F957-4FF5-A573-C4AD6EA24321} = {87AD38F2-1A81-483C-A1D8-1C10344B1640}
		{85A4976B-3847-4870-BF2C-2F52245C740A} = {8C774EF0-F32F-4380-BE73-BF21A48A1E3D}
		{53B1532B-DEE7-47A9-8DD0-BDCC3D784972} = {69D29236-0DF5-4CBC-A18A-2C55E5F9B9D4}
		{3B6D39FD-67D8-4A19-84B8-0BE32CAFD82A} = {7949D68D-C57D-4096-87BF-F397985E99C2}
	EndGlobalSection
	GlobalSection(ExtensibilityGlobals) = postSolution
		SolutionGuid = {5B02BEF9-F1AA-4C0B-ABB2-BED331D4786F}
	EndGlobalSection
EndGlobal
